// !$*UTF8*$!
{
	archiveVersion = 1;
	classes = {
	};
	objectVersion = 50;
	objects = {

/* Begin PBXBuildFile section */
		6639EC9B23A2BDE700E74C5A /* SaveViewController.swift in Sources */ = {isa = PBXBuildFile; fileRef = 6639EC9A23A2BDE700E74C5A /* SaveViewController.swift */; };
		6639EC9D23A3DB1500E74C5A /* AudioTableViewCell.swift in Sources */ = {isa = PBXBuildFile; fileRef = 6639EC9C23A3DB1500E74C5A /* AudioTableViewCell.swift */; };
		669EDBE8239FF07700B63FAD /* AppDelegate.swift in Sources */ = {isa = PBXBuildFile; fileRef = 669EDBE7239FF07700B63FAD /* AppDelegate.swift */; };
		669EDBEC239FF07700B63FAD /* AudioTableViewController.swift in Sources */ = {isa = PBXBuildFile; fileRef = 669EDBEB239FF07700B63FAD /* AudioTableViewController.swift */; };
		669EDBEF239FF07700B63FAD /* Main.storyboard in Resources */ = {isa = PBXBuildFile; fileRef = 669EDBED239FF07700B63FAD /* Main.storyboard */; };
		669EDBF1239FF07800B63FAD /* Assets.xcassets in Resources */ = {isa = PBXBuildFile; fileRef = 669EDBF0239FF07800B63FAD /* Assets.xcassets */; };
		669EDBF4239FF07800B63FAD /* LaunchScreen.storyboard in Resources */ = {isa = PBXBuildFile; fileRef = 669EDBF2239FF07800B63FAD /* LaunchScreen.storyboard */; };
		669EDBFC239FF3B500B63FAD /* RecordViewController.swift in Sources */ = {isa = PBXBuildFile; fileRef = 669EDBFB239FF3B500B63FAD /* RecordViewController.swift */; };
		669EDC01239FFE2700B63FAD /* SceneDelegate.swift in Sources */ = {isa = PBXBuildFile; fileRef = 669EDC00239FFE2600B63FAD /* SceneDelegate.swift */; };
		669EDC0423A0031A00B63FAD /* Utility.swift in Sources */ = {isa = PBXBuildFile; fileRef = 669EDC0323A0031A00B63FAD /* Utility.swift */; };
/* End PBXBuildFile section */

/* Begin PBXFileReference section */
		6639EC9A23A2BDE700E74C5A /* SaveViewController.swift */ = {isa = PBXFileReference; lastKnownFileType = sourcecode.swift; path = SaveViewController.swift; sourceTree = "<group>"; };
		6639EC9C23A3DB1500E74C5A /* AudioTableViewCell.swift */ = {isa = PBXFileReference; lastKnownFileType = sourcecode.swift; path = AudioTableViewCell.swift; sourceTree = "<group>"; };
		669EDBE4239FF07700B63FAD /* AudioApp.app */ = {isa = PBXFileReference; explicitFileType = wrapper.application; includeInIndex = 0; path = AudioApp.app; sourceTree = BUILT_PRODUCTS_DIR; };
		669EDBE7239FF07700B63FAD /* AppDelegate.swift */ = {isa = PBXFileReference; lastKnownFileType = sourcecode.swift; path = AppDelegate.swift; sourceTree = "<group>"; };
		669EDBEB239FF07700B63FAD /* AudioTableViewController.swift */ = {isa = PBXFileReference; lastKnownFileType = sourcecode.swift; path = AudioTableViewController.swift; sourceTree = "<group>"; };
		669EDBEE239FF07700B63FAD /* Base */ = {isa = PBXFileReference; lastKnownFileType = file.storyboard; name = Base; path = Base.lproj/Main.storyboard; sourceTree = "<group>"; };
		669EDBF0239FF07800B63FAD /* Assets.xcassets */ = {isa = PBXFileReference; lastKnownFileType = folder.assetcatalog; path = Assets.xcassets; sourceTree = "<group>"; };
		669EDBF3239FF07800B63FAD /* Base */ = {isa = PBXFileReference; lastKnownFileType = file.storyboard; name = Base; path = Base.lproj/LaunchScreen.storyboard; sourceTree = "<group>"; };
		669EDBF5239FF07800B63FAD /* Info.plist */ = {isa = PBXFileReference; lastKnownFileType = text.plist.xml; path = Info.plist; sourceTree = "<group>"; };
		669EDBFB239FF3B500B63FAD /* RecordViewController.swift */ = {isa = PBXFileReference; lastKnownFileType = sourcecode.swift; path = RecordViewController.swift; sourceTree = "<group>"; };
		669EDC00239FFE2600B63FAD /* SceneDelegate.swift */ = {isa = PBXFileReference; fileEncoding = 4; lastKnownFileType = sourcecode.swift; path = SceneDelegate.swift; sourceTree = "<group>"; };
		669EDC0323A0031A00B63FAD /* Utility.swift */ = {isa = PBXFileReference; lastKnownFileType = sourcecode.swift; path = Utility.swift; sourceTree = "<group>"; };
/* End PBXFileReference section */

/* Begin PBXFrameworksBuildPhase section */
		669EDBE1239FF07700B63FAD /* Frameworks */ = {
			isa = PBXFrameworksBuildPhase;
			buildActionMask = 2147483647;
			files = (
			);
			runOnlyForDeploymentPostprocessing = 0;
		};
/* End PBXFrameworksBuildPhase section */

/* Begin PBXGroup section */
		669EDBDB239FF07700B63FAD = {
			isa = PBXGroup;
			children = (
				669EDBE6239FF07700B63FAD /* AudioApp */,
				669EDBE5239FF07700B63FAD /* Products */,
			);
			sourceTree = "<group>";
		};
		669EDBE5239FF07700B63FAD /* Products */ = {
			isa = PBXGroup;
			children = (
				669EDBE4239FF07700B63FAD /* AudioApp.app */,
			);
			name = Products;
			sourceTree = "<group>";
		};
		669EDBE6239FF07700B63FAD /* AudioApp */ = {
			isa = PBXGroup;
			children = (
				669EDC0223A002F200B63FAD /* Custom Classes */,
				669EDBFF239FF46400B63FAD /* Assets */,
				669EDBFE239FF44600B63FAD /* Template */,
				669EDBFD239FF42200B63FAD /* ViewController */,
				669EDBF5239FF07800B63FAD /* Info.plist */,
			);
			path = AudioApp;
			sourceTree = "<group>";
		};
		669EDBFD239FF42200B63FAD /* ViewController */ = {
			isa = PBXGroup;
			children = (
				669EDBEB239FF07700B63FAD /* AudioTableViewController.swift */,
				669EDBFB239FF3B500B63FAD /* RecordViewController.swift */,
				669EDC00239FFE2600B63FAD /* SceneDelegate.swift */,
				6639EC9A23A2BDE700E74C5A /* SaveViewController.swift */,
			);
			path = ViewController;
			sourceTree = "<group>";
		};
		669EDBFE239FF44600B63FAD /* Template */ = {
			isa = PBXGroup;
			children = (
				669EDBE7239FF07700B63FAD /* AppDelegate.swift */,
			);
			path = Template;
			sourceTree = "<group>";
		};
		669EDBFF239FF46400B63FAD /* Assets */ = {
			isa = PBXGroup;
			children = (
				669EDBED239FF07700B63FAD /* Main.storyboard */,
				669EDBF0239FF07800B63FAD /* Assets.xcassets */,
				669EDBF2239FF07800B63FAD /* LaunchScreen.storyboard */,
			);
			path = Assets;
			sourceTree = "<group>";
		};
		669EDC0223A002F200B63FAD /* Custom Classes */ = {
			isa = PBXGroup;
			children = (
				669EDC0323A0031A00B63FAD /* Utility.swift */,
				6639EC9C23A3DB1500E74C5A /* AudioTableViewCell.swift */,
			);
			path = "Custom Classes";
			sourceTree = "<group>";
		};
/* End PBXGroup section */

/* Begin PBXNativeTarget section */
		669EDBE3239FF07700B63FAD /* AudioApp */ = {
			isa = PBXNativeTarget;
			buildConfigurationList = 669EDBF8239FF07800B63FAD /* Build configuration list for PBXNativeTarget "AudioApp" */;
			buildPhases = (
				669EDBE0239FF07700B63FAD /* Sources */,
				669EDBE1239FF07700B63FAD /* Frameworks */,
				669EDBE2239FF07700B63FAD /* Resources */,
			);
			buildRules = (
			);
			dependencies = (
			);
			name = AudioApp;
			productName = AudioApp;
			productReference = 669EDBE4239FF07700B63FAD /* AudioApp.app */;
			productType = "com.apple.product-type.application";
		};
/* End PBXNativeTarget section */

/* Begin PBXProject section */
		669EDBDC239FF07700B63FAD /* Project object */ = {
			isa = PBXProject;
			attributes = {
				LastSwiftUpdateCheck = 1120;
				LastUpgradeCheck = 1120;
				ORGANIZATIONNAME = "Steffen Römer";
				TargetAttributes = {
					669EDBE3239FF07700B63FAD = {
						CreatedOnToolsVersion = 11.2.1;
					};
				};
			};
			buildConfigurationList = 669EDBDF239FF07700B63FAD /* Build configuration list for PBXProject "AudioApp" */;
			compatibilityVersion = "Xcode 9.3";
			developmentRegion = en;
			hasScannedForEncodings = 0;
			knownRegions = (
				en,
				Base,
			);
			mainGroup = 669EDBDB239FF07700B63FAD;
			productRefGroup = 669EDBE5239FF07700B63FAD /* Products */;
			projectDirPath = "";
			projectRoot = "";
			targets = (
				669EDBE3239FF07700B63FAD /* AudioApp */,
			);
		};
/* End PBXProject section */

/* Begin PBXResourcesBuildPhase section */
		669EDBE2239FF07700B63FAD /* Resources */ = {
			isa = PBXResourcesBuildPhase;
			buildActionMask = 2147483647;
			files = (
				669EDBF4239FF07800B63FAD /* LaunchScreen.storyboard in Resources */,
				669EDBF1239FF07800B63FAD /* Assets.xcassets in Resources */,
				669EDBEF239FF07700B63FAD /* Main.storyboard in Resources */,
			);
			runOnlyForDeploymentPostprocessing = 0;
		};
/* End PBXResourcesBuildPhase section */

/* Begin PBXSourcesBuildPhase section */
		669EDBE0239FF07700B63FAD /* Sources */ = {
			isa = PBXSourcesBuildPhase;
			buildActionMask = 2147483647;
			files = (
				669EDC0423A0031A00B63FAD /* Utility.swift in Sources */,
				6639EC9D23A3DB1500E74C5A /* AudioTableViewCell.swift in Sources */,
				6639EC9B23A2BDE700E74C5A /* SaveViewController.swift in Sources */,
				669EDBEC239FF07700B63FAD /* AudioTableViewController.swift in Sources */,
				669EDBE8239FF07700B63FAD /* AppDelegate.swift in Sources */,
				669EDBFC239FF3B500B63FAD /* RecordViewController.swift in Sources */,
				669EDC01239FFE2700B63FAD /* SceneDelegate.swift in Sources */,
			);
			runOnlyForDeploymentPostprocessing = 0;
		};
/* End PBXSourcesBuildPhase section */

/* Begin PBXVariantGroup section */
		669EDBED239FF07700B63FAD /* Main.storyboard */ = {
			isa = PBXVariantGroup;
			children = (
				669EDBEE239FF07700B63FAD /* Base */,
			);
			name = Main.storyboard;
			sourceTree = "<group>";
		};
		669EDBF2239FF07800B63FAD /* LaunchScreen.storyboard */ = {
			isa = PBXVariantGroup;
			children = (
				669EDBF3239FF07800B63FAD /* Base */,
			);
			name = LaunchScreen.storyboard;
			sourceTree = "<group>";
		};
/* End PBXVariantGroup section */

/* Begin XCBuildConfiguration section */
		669EDBF6239FF07800B63FAD /* Debug */ = {
			isa = XCBuildConfiguration;
			buildSettings = {
				ALWAYS_SEARCH_USER_PATHS = NO;
				CLANG_ANALYZER_NONNULL = YES;
				CLANG_ANALYZER_NUMBER_OBJECT_CONVERSION = YES_AGGRESSIVE;
				CLANG_CXX_LANGUAGE_STANDARD = "gnu++14";
				CLANG_CXX_LIBRARY = "libc++";
				CLANG_ENABLE_MODULES = YES;
				CLANG_ENABLE_OBJC_ARC = YES;
				CLANG_ENABLE_OBJC_WEAK = YES;
				CLANG_WARN_BLOCK_CAPTURE_AUTORELEASING = YES;
				CLANG_WARN_BOOL_CONVERSION = YES;
				CLANG_WARN_COMMA = YES;
				CLANG_WARN_CONSTANT_CONVERSION = YES;
				CLANG_WARN_DEPRECATED_OBJC_IMPLEMENTATIONS = YES;
				CLANG_WARN_DIRECT_OBJC_ISA_USAGE = YES_ERROR;
				CLANG_WARN_DOCUMENTATION_COMMENTS = YES;
				CLANG_WARN_EMPTY_BODY = YES;
				CLANG_WARN_ENUM_CONVERSION = YES;
				CLANG_WARN_INFINITE_RECURSION = YES;
				CLANG_WARN_INT_CONVERSION = YES;
				CLANG_WARN_NON_LITERAL_NULL_CONVERSION = YES;
				CLANG_WARN_OBJC_IMPLICIT_RETAIN_SELF = YES;
				CLANG_WARN_OBJC_LITERAL_CONVERSION = YES;
				CLANG_WARN_OBJC_ROOT_CLASS = YES_ERROR;
				CLANG_WARN_RANGE_LOOP_ANALYSIS = YES;
				CLANG_WARN_STRICT_PROTOTYPES = YES;
				CLANG_WARN_SUSPICIOUS_MOVE = YES;
				CLANG_WARN_UNGUARDED_AVAILABILITY = YES_AGGRESSIVE;
				CLANG_WARN_UNREACHABLE_CODE = YES;
				CLANG_WARN__DUPLICATE_METHOD_MATCH = YES;
				COPY_PHASE_STRIP = NO;
				DEBUG_INFORMATION_FORMAT = dwarf;
				ENABLE_STRICT_OBJC_MSGSEND = YES;
				ENABLE_TESTABILITY = YES;
				GCC_C_LANGUAGE_STANDARD = gnu11;
				GCC_DYNAMIC_NO_PIC = NO;
				GCC_NO_COMMON_BLOCKS = YES;
				GCC_OPTIMIZATION_LEVEL = 0;
				GCC_PREPROCESSOR_DEFINITIONS = (
					"DEBUG=1",
					"$(inherited)",
				);
				GCC_WARN_64_TO_32_BIT_CONVERSION = YES;
				GCC_WARN_ABOUT_RETURN_TYPE = YES_ERROR;
				GCC_WARN_UNDECLARED_SELECTOR = YES;
				GCC_WARN_UNINITIALIZED_AUTOS = YES_AGGRESSIVE;
				GCC_WARN_UNUSED_FUNCTION = YES;
				GCC_WARN_UNUSED_VARIABLE = YES;
				IPHONEOS_DEPLOYMENT_TARGET = 13.2;
				MTL_ENABLE_DEBUG_INFO = INCLUDE_SOURCE;
				MTL_FAST_MATH = YES;
				ONLY_ACTIVE_ARCH = YES;
				SDKROOT = iphoneos;
				SWIFT_ACTIVE_COMPILATION_CONDITIONS = DEBUG;
				SWIFT_OPTIMIZATION_LEVEL = "-Onone";
			};
			name = Debug;
		};
		669EDBF7239FF07800B63FAD /* Release */ = {
			isa = XCBuildConfiguration;
			buildSettings = {
				ALWAYS_SEARCH_USER_PATHS = NO;
				CLANG_ANALYZER_NONNULL = YES;
				CLANG_ANALYZER_NUMBER_OBJECT_CONVERSION = YES_AGGRESSIVE;
				CLANG_CXX_LANGUAGE_STANDARD = "gnu++14";
				CLANG_CXX_LIBRARY = "libc++";
				CLANG_ENABLE_MODULES = YES;
				CLANG_ENABLE_OBJC_ARC = YES;
				CLANG_ENABLE_OBJC_WEAK = YES;
				CLANG_WARN_BLOCK_CAPTURE_AUTORELEASING = YES;
				CLANG_WARN_BOOL_CONVERSION = YES;
				CLANG_WARN_COMMA = YES;
				CLANG_WARN_CONSTANT_CONVERSION = YES;
				CLANG_WARN_DEPRECATED_OBJC_IMPLEMENTATIONS = YES;
				CLANG_WARN_DIRECT_OBJC_ISA_USAGE = YES_ERROR;
				CLANG_WARN_DOCUMENTATION_COMMENTS = YES;
				CLANG_WARN_EMPTY_BODY = YES;
				CLANG_WARN_ENUM_CONVERSION = YES;
				CLANG_WARN_INFINITE_RECURSION = YES;
				CLANG_WARN_INT_CONVERSION = YES;
				CLANG_WARN_NON_LITERAL_NULL_CONVERSION = YES;
				CLANG_WARN_OBJC_IMPLICIT_RETAIN_SELF = YES;
				CLANG_WARN_OBJC_LITERAL_CONVERSION = YES;
				CLANG_WARN_OBJC_ROOT_CLASS = YES_ERROR;
				CLANG_WARN_RANGE_LOOP_ANALYSIS = YES;
				CLANG_WARN_STRICT_PROTOTYPES = YES;
				CLANG_WARN_SUSPICIOUS_MOVE = YES;
				CLANG_WARN_UNGUARDED_AVAILABILITY = YES_AGGRESSIVE;
				CLANG_WARN_UNREACHABLE_CODE = YES;
				CLANG_WARN__DUPLICATE_METHOD_MATCH = YES;
				COPY_PHASE_STRIP = NO;
				DEBUG_INFORMATION_FORMAT = "dwarf-with-dsym";
				ENABLE_NS_ASSERTIONS = NO;
				ENABLE_STRICT_OBJC_MSGSEND = YES;
				GCC_C_LANGUAGE_STANDARD = gnu11;
				GCC_NO_COMMON_BLOCKS = YES;
				GCC_WARN_64_TO_32_BIT_CONVERSION = YES;
				GCC_WARN_ABOUT_RETURN_TYPE = YES_ERROR;
				GCC_WARN_UNDECLARED_SELECTOR = YES;
				GCC_WARN_UNINITIALIZED_AUTOS = YES_AGGRESSIVE;
				GCC_WARN_UNUSED_FUNCTION = YES;
				GCC_WARN_UNUSED_VARIABLE = YES;
				IPHONEOS_DEPLOYMENT_TARGET = 13.2;
				MTL_ENABLE_DEBUG_INFO = NO;
				MTL_FAST_MATH = YES;
				SDKROOT = iphoneos;
				SWIFT_COMPILATION_MODE = wholemodule;
				SWIFT_OPTIMIZATION_LEVEL = "-O";
				VALIDATE_PRODUCT = YES;
			};
			name = Release;
		};
		669EDBF9239FF07800B63FAD /* Debug */ = {
			isa = XCBuildConfiguration;
			buildSettings = {
				ASSETCATALOG_COMPILER_APPICON_NAME = AppIcon;
				CODE_SIGN_STYLE = Automatic;
				DEVELOPMENT_TEAM = MEVD82DA4E;
				INFOPLIST_FILE = AudioApp/Info.plist;
				LD_RUNPATH_SEARCH_PATHS = (
					"$(inherited)",
					"@executable_path/Frameworks",
				);
				PRODUCT_BUNDLE_IDENTIFIER = Roemer.AudioApp;
				PRODUCT_NAME = "$(TARGET_NAME)";
				SWIFT_VERSION = 5.0;
				TARGETED_DEVICE_FAMILY = "1,2";
			};
			name = Debug;
		};
		669EDBFA239FF07800B63FAD /* Release */ = {
			isa = XCBuildConfiguration;
			buildSettings = {
				ASSETCATALOG_COMPILER_APPICON_NAME = AppIcon;
				CODE_SIGN_STYLE = Automatic;
				DEVELOPMENT_TEAM = MEVD82DA4E;
				INFOPLIST_FILE = AudioApp/Info.plist;
				LD_RUNPATH_SEARCH_PATHS = (
					"$(inherited)",
					"@executable_path/Frameworks",
				);
				PRODUCT_BUNDLE_IDENTIFIER = Roemer.AudioApp;
				PRODUCT_NAME = "$(TARGET_NAME)";
				SWIFT_VERSION = 5.0;
				TARGETED_DEVICE_FAMILY = "1,2";
			};
			name = Release;
		};
/* End XCBuildConfiguration section */

/* Begin XCConfigurationList section */
		669EDBDF239FF07700B63FAD /* Build configuration list for PBXProject "AudioApp" */ = {
			isa = XCConfigurationList;
			buildConfigurations = (
				669EDBF6239FF07800B63FAD /* Debug */,
				669EDBF7239FF07800B63FAD /* Release */,
			);
			defaultConfigurationIsVisible = 0;
			defaultConfigurationName = Release;
		};
		669EDBF8239FF07800B63FAD /* Build configuration list for PBXNativeTarget "AudioApp" */ = {
			isa = XCConfigurationList;
			buildConfigurations = (
				669EDBF9239FF07800B63FAD /* Debug */,
				669EDBFA239FF07800B63FAD /* Release */,
			);
			defaultConfigurationIsVisible = 0;
			defaultConfigurationName = Release;
		};
/* End XCConfigurationList section */
	};
	rootObject = 669EDBDC239FF07700B63FAD /* Project object */;
}
